
Microsoft Visual Studio Solution File, Format Version 12.00
# Visual Studio Version 16
VisualStudioVersion = 16.0.31410.357
MinimumVisualStudioVersion = 10.0.40219.1
Project("{FAE04EC0-301F-11D3-BF4B-00C04F79EFBC}") = "Start Game", "Start Game\Start Game.csproj", "{5AD36DEC-B0F6-48D0-B2D6-9633449649A6}"
EndProject
Global
	GlobalSection(SolutionConfigurationPlatforms) = preSolution
		Debug|Any CPU = Debug|Any CPU
		Release|Any CPU = Release|Any CPU
	EndGlobalSection
	GlobalSection(ProjectConfigurationPlatforms) = postSolution
		{5AD36DEC-B0F6-48D0-B2D6-9633449649A6}.Debug|Any CPU.ActiveCfg = Debug|Any CPU
		{5AD36DEC-B0F6-48D0-B2D6-9633449649A6}.Debug|Any CPU.Build.0 = Debug|Any CPU
		{5AD36DEC-B0F6-48D0-B2D6-9633449649A6}.Release|Any CPU.ActiveCfg = Release|Any CPU
		{5AD36DEC-B0F6-48D0-B2D6-9633449649A6}.Release|Any CPU.Build.0 = Release|Any CPU
	EndGlobalSection
	GlobalSection(SolutionProperties) = preSolution
		HideSolutionNode = FALSE
	EndGlobalSection
	GlobalSection(ExtensibilityGlobals) = postSolution
		SolutionGuid = {29BB19C1-63AA-4451-8682-3CB404CF064F}
	EndGlobalSection
EndGlobal
